
Microsoft Visual Studio Solution File, Format Version 12.00
# Visual Studio Version 17
VisualStudioVersion = 17.8.34330.188
MinimumVisualStudioVersion = 10.0.40219.1
Project("{FAE04EC0-301F-11D3-BF4B-00C04F79EFBC}") = "GA_DoubleMath_Salvador", "GA_DoubleMath_Salvador.csproj", "{9454BF46-10AF-4C4B-B87D-5A0657F25983}"
EndProject
Global
	GlobalSection(SolutionConfigurationPlatforms) = preSolution
		Debug|Any CPU = Debug|Any CPU
		Release|Any CPU = Release|Any CPU
	EndGlobalSection
	GlobalSection(ProjectConfigurationPlatforms) = postSolution
		{9454BF46-10AF-4C4B-B87D-5A0657F25983}.Debug|Any CPU.ActiveCfg = Debug|Any CPU
		{9454BF46-10AF-4C4B-B87D-5A0657F25983}.Debug|Any CPU.Build.0 = Debug|Any CPU
		{9454BF46-10AF-4C4B-B87D-5A0657F25983}.Release|Any CPU.ActiveCfg = Release|Any CPU
		{9454BF46-10AF-4C4B-B87D-5A0657F25983}.Release|Any CPU.Build.0 = Release|Any CPU
	EndGlobalSection
	GlobalSection(SolutionProperties) = preSolution
		HideSolutionNode = FALSE
	EndGlobalSection
	GlobalSection(ExtensibilityGlobals) = postSolution
		SolutionGuid = {BCEC6BE0-375C-470C-9AB9-F5234DED1C81}
	EndGlobalSection
EndGlobal
